{
  "version": "4",
  "specifiers": {
    "jsr:@hono/hono@^4.6.14": "4.6.14",
    "jsr:@libs/xml@^6.0.4": "6.0.4",
    "jsr:@quentinadam/assert@~0.1.7": "0.1.7",
    "jsr:@quentinadam/uint8array-extension@~0.1.4": "0.1.4",
    "jsr:@quentinadam/zip@~0.1.3": "0.1.3"
  },
  "jsr": {
    "@hono/hono@4.6.14": {
      "integrity": "b39a5488266adf448fb1081bc3071a0d05145e72f3ab3ff83cf140e780c6c1de"
    },
    "@libs/xml@6.0.4": {
      "integrity": "c896f17016dbf5f2d62496e0bd6cd7db145c05987d0e45d4dd2c87785a60f528"
    },
    "@quentinadam/assert@0.1.7": {
      "integrity": "0246fb7fd3aa7b286535db40feefdafc588272d3f287b4eb995c96263ab6dfca"
    },
    "@quentinadam/uint8array-extension@0.1.4": {
      "integrity": "61ec4ddb63a68c78016682198e6cc942134765bbc1b437a8f5d360256099af49",
      "dependencies": [
        "jsr:@quentinadam/assert"
      ]
    },
    "@quentinadam/zip@0.1.3": {
      "integrity": "2a932445eb98c12322a6c1eb223604cf34ffb38739b40152adddaea336712417",
      "dependencies": [
        "jsr:@quentinadam/assert",
        "jsr:@quentinadam/uint8array-extension"
      ]
    }
  },
  "workspace": {
    "dependencies": [
      "jsr:@hono/hono@^4.6.14",
      "jsr:@libs/xml@^6.0.4",
      "jsr:@quentinadam/zip@~0.1.3"
    ]
  }
}
